
Microsoft Visual Studio Solution File, Format Version 12.00
# Visual Studio Version 17
VisualStudioVersion = 17.14.36717.8 d17.14
MinimumVisualStudioVersion = 10.0.40219.1
Project("{2150E333-8FDC-42A3-9474-1A3956D46DE8}") = "Task0", "Task0", "{02EA681E-C7D8-13C7-8484-4AC65E1B71E8}"
EndProject
Project("{FAE04EC0-301F-11D3-BF4B-00C04F79EFBC}") = "Tyuiu.AlekseevaVA.Sprint5.Task0.V7", "Tyuiu.AlekseevaVA.Sprint5.Task0.V7\Tyuiu.AlekseevaVA.Sprint5.Task0.V7.csproj", "{F22A027B-C2CA-4430-907B-AA13B047E65C}"
EndProject
Project("{FAE04EC0-301F-11D3-BF4B-00C04F79EFBC}") = "Tyuiu.AlekseevaVA.Sprint5.Task0.V7.Lib", "Tyuiu.AlekseevaVA.Sprint5.Task0.V7.Lib\Tyuiu.AlekseevaVA.Sprint5.Task0.V7.Lib.csproj", "{9D6A6A0D-B276-4546-8C73-A466BEBF8332}"
EndProject
Project("{FAE04EC0-301F-11D3-BF4B-00C04F79EFBC}") = "Tyuiu.AlekseevaVA.Sprint5.Task0.V7.Test", "Tyuiu.AlekseevaVA.Sprint5.Task0.V7.Test\Tyuiu.AlekseevaVA.Sprint5.Task0.V7.Test.csproj", "{727B0940-140F-45F9-A078-FE69452035A8}"
EndProject
Global
	GlobalSection(SolutionConfigurationPlatforms) = preSolution
		Debug|Any CPU = Debug|Any CPU
		Release|Any CPU = Release|Any CPU
	EndGlobalSection
	GlobalSection(ProjectConfigurationPlatforms) = postSolution
		{F22A027B-C2CA-4430-907B-AA13B047E65C}.Debug|Any CPU.ActiveCfg = Debug|Any CPU
		{F22A027B-C2CA-4430-907B-AA13B047E65C}.Debug|Any CPU.Build.0 = Debug|Any CPU
		{F22A027B-C2CA-4430-907B-AA13B047E65C}.Release|Any CPU.ActiveCfg = Release|Any CPU
		{F22A027B-C2CA-4430-907B-AA13B047E65C}.Release|Any CPU.Build.0 = Release|Any CPU
		{9D6A6A0D-B276-4546-8C73-A466BEBF8332}.Debug|Any CPU.ActiveCfg = Debug|Any CPU
		{9D6A6A0D-B276-4546-8C73-A466BEBF8332}.Debug|Any CPU.Build.0 = Debug|Any CPU
		{9D6A6A0D-B276-4546-8C73-A466BEBF8332}.Release|Any CPU.ActiveCfg = Release|Any CPU
		{9D6A6A0D-B276-4546-8C73-A466BEBF8332}.Release|Any CPU.Build.0 = Release|Any CPU
		{727B0940-140F-45F9-A078-FE69452035A8}.Debug|Any CPU.ActiveCfg = Debug|Any CPU
		{727B0940-140F-45F9-A078-FE69452035A8}.Debug|Any CPU.Build.0 = Debug|Any CPU
		{727B0940-140F-45F9-A078-FE69452035A8}.Release|Any CPU.ActiveCfg = Release|Any CPU
		{727B0940-140F-45F9-A078-FE69452035A8}.Release|Any CPU.Build.0 = Release|Any CPU
	EndGlobalSection
	GlobalSection(SolutionProperties) = preSolution
		HideSolutionNode = FALSE
	EndGlobalSection
	GlobalSection(NestedProjects) = preSolution
		{F22A027B-C2CA-4430-907B-AA13B047E65C} = {02EA681E-C7D8-13C7-8484-4AC65E1B71E8}
		{9D6A6A0D-B276-4546-8C73-A466BEBF8332} = {02EA681E-C7D8-13C7-8484-4AC65E1B71E8}
		{727B0940-140F-45F9-A078-FE69452035A8} = {02EA681E-C7D8-13C7-8484-4AC65E1B71E8}
	EndGlobalSection
	GlobalSection(ExtensibilityGlobals) = postSolution
		SolutionGuid = {41556014-3F04-42EB-A4CB-67D3DB6EE8BB}
	EndGlobalSection
EndGlobal
