
Microsoft Visual Studio Solution File, Format Version 12.00
# Visual Studio Version 17
VisualStudioVersion = 17.14.36717.8 d17.14
MinimumVisualStudioVersion = 10.0.40219.1
Project("{2150E333-8FDC-42A3-9474-1A3956D46DE8}") = "Task0", "Task0", "{02EA681E-C7D8-13C7-8484-4AC65E1B71E8}"
EndProject
Project("{FAE04EC0-301F-11D3-BF4B-00C04F79EFBC}") = "Tyuiu.AlekseevaVA.Sprint5.Task0.V7", "Tyuiu.AlekseevaVA.Sprint5.Task0.V7\Tyuiu.AlekseevaVA.Sprint5.Task0.V7.csproj", "{F22A027B-C2CA-4430-907B-AA13B047E65C}"
EndProject
Project("{FAE04EC0-301F-11D3-BF4B-00C04F79EFBC}") = "Tyuiu.AlekseevaVA.Sprint5.Task0.V7.Lib", "Tyuiu.AlekseevaVA.Sprint5.Task0.V7.Lib\Tyuiu.AlekseevaVA.Sprint5.Task0.V7.Lib.csproj", "{9D6A6A0D-B276-4546-8C73-A466BEBF8332}"
EndProject
Project("{FAE04EC0-301F-11D3-BF4B-00C04F79EFBC}") = "Tyuiu.AlekseevaVA.Sprint5.Task0.V7.Test", "Tyuiu.AlekseevaVA.Sprint5.Task0.V7.Test\Tyuiu.AlekseevaVA.Sprint5.Task0.V7.Test.csproj", "{727B0940-140F-45F9-A078-FE69452035A8}"
EndProject
Project("{2150E333-8FDC-42A3-9474-1A3956D46DE8}") = "Task1", "Task1", "{17C9468F-6F8D-4BC2-BA9B-6297CE8E6C1C}"
EndProject
Project("{FAE04EC0-301F-11D3-BF4B-00C04F79EFBC}") = "Tyuiu.AlekseevaVA.Sprint5.Task1.V22", "Tyuiu.AlekseevaVA.Sprint5.Task1.V22\Tyuiu.AlekseevaVA.Sprint5.Task1.V22.csproj", "{B9D3A523-40AE-4653-8680-8A294325AB47}"
EndProject
Project("{FAE04EC0-301F-11D3-BF4B-00C04F79EFBC}") = "Tyuiu.AlekseevaVA.Sprint5.Task1.V22.Lib", "Tyuiu.AlekseevaVA.Sprint5.Task1.V22.Lib\Tyuiu.AlekseevaVA.Sprint5.Task1.V22.Lib.csproj", "{46BEA19D-3421-4300-B44F-BC02DEDC697C}"
EndProject
Project("{FAE04EC0-301F-11D3-BF4B-00C04F79EFBC}") = "Tyuiu.AlekseevaVA.Sprint5.Task1.V22.Test", "Tyuiu.AlekseevaVA.Sprint5.Task1.V22.Test\Tyuiu.AlekseevaVA.Sprint5.Task1.V22.Test.csproj", "{9529AA69-CB04-4F33-9A0D-28353C91E048}"
EndProject
Project("{2150E333-8FDC-42A3-9474-1A3956D46DE8}") = "Task2", "Task2", "{1DCA1192-57A3-4AAF-BD2D-99AB3A839C8C}"
EndProject
Project("{FAE04EC0-301F-11D3-BF4B-00C04F79EFBC}") = "Tyuiu.AlekseevaVA.Sprint5.Task2.V11", "Tyuiu.AlekseevaVA.Sprint5.Task2.V11\Tyuiu.AlekseevaVA.Sprint5.Task2.V11.csproj", "{CB1B6E2B-1D44-4F7F-9A9A-8BFC532570A5}"
EndProject
Project("{FAE04EC0-301F-11D3-BF4B-00C04F79EFBC}") = "Tyuiu.AlekseevaVA.Sprint5.Task2.V11.Lib", "Tyuiu.AlekseevaVA.Sprint5.Task2.V11.Lib\Tyuiu.AlekseevaVA.Sprint5.Task2.V11.Lib.csproj", "{AD4791AA-773D-4AE1-B638-B5ABDBC10C67}"
EndProject
Project("{FAE04EC0-301F-11D3-BF4B-00C04F79EFBC}") = "Tyuiu.AlekseevaVA.Sprint5.Task2.V11.Test", "Tyuiu.AlekseevaVA.Sprint5.Task2.V11.Test\Tyuiu.AlekseevaVA.Sprint5.Task2.V11.Test.csproj", "{403DA1E8-AFB6-4080-9861-2AE59CFB9E71}"
EndProject
Global
	GlobalSection(SolutionConfigurationPlatforms) = preSolution
		Debug|Any CPU = Debug|Any CPU
		Release|Any CPU = Release|Any CPU
	EndGlobalSection
	GlobalSection(ProjectConfigurationPlatforms) = postSolution
		{F22A027B-C2CA-4430-907B-AA13B047E65C}.Debug|Any CPU.ActiveCfg = Debug|Any CPU
		{F22A027B-C2CA-4430-907B-AA13B047E65C}.Debug|Any CPU.Build.0 = Debug|Any CPU
		{F22A027B-C2CA-4430-907B-AA13B047E65C}.Release|Any CPU.ActiveCfg = Release|Any CPU
		{F22A027B-C2CA-4430-907B-AA13B047E65C}.Release|Any CPU.Build.0 = Release|Any CPU
		{9D6A6A0D-B276-4546-8C73-A466BEBF8332}.Debug|Any CPU.ActiveCfg = Debug|Any CPU
		{9D6A6A0D-B276-4546-8C73-A466BEBF8332}.Debug|Any CPU.Build.0 = Debug|Any CPU
		{9D6A6A0D-B276-4546-8C73-A466BEBF8332}.Release|Any CPU.ActiveCfg = Release|Any CPU
		{9D6A6A0D-B276-4546-8C73-A466BEBF8332}.Release|Any CPU.Build.0 = Release|Any CPU
		{727B0940-140F-45F9-A078-FE69452035A8}.Debug|Any CPU.ActiveCfg = Debug|Any CPU
		{727B0940-140F-45F9-A078-FE69452035A8}.Debug|Any CPU.Build.0 = Debug|Any CPU
		{727B0940-140F-45F9-A078-FE69452035A8}.Release|Any CPU.ActiveCfg = Release|Any CPU
		{727B0940-140F-45F9-A078-FE69452035A8}.Release|Any CPU.Build.0 = Release|Any CPU
		{B9D3A523-40AE-4653-8680-8A294325AB47}.Debug|Any CPU.ActiveCfg = Debug|Any CPU
		{B9D3A523-40AE-4653-8680-8A294325AB47}.Debug|Any CPU.Build.0 = Debug|Any CPU
		{B9D3A523-40AE-4653-8680-8A294325AB47}.Release|Any CPU.ActiveCfg = Release|Any CPU
		{B9D3A523-40AE-4653-8680-8A294325AB47}.Release|Any CPU.Build.0 = Release|Any CPU
		{46BEA19D-3421-4300-B44F-BC02DEDC697C}.Debug|Any CPU.ActiveCfg = Debug|Any CPU
		{46BEA19D-3421-4300-B44F-BC02DEDC697C}.Debug|Any CPU.Build.0 = Debug|Any CPU
		{46BEA19D-3421-4300-B44F-BC02DEDC697C}.Release|Any CPU.ActiveCfg = Release|Any CPU
		{46BEA19D-3421-4300-B44F-BC02DEDC697C}.Release|Any CPU.Build.0 = Release|Any CPU
		{9529AA69-CB04-4F33-9A0D-28353C91E048}.Debug|Any CPU.ActiveCfg = Debug|Any CPU
		{9529AA69-CB04-4F33-9A0D-28353C91E048}.Debug|Any CPU.Build.0 = Debug|Any CPU
		{9529AA69-CB04-4F33-9A0D-28353C91E048}.Release|Any CPU.ActiveCfg = Release|Any CPU
		{9529AA69-CB04-4F33-9A0D-28353C91E048}.Release|Any CPU.Build.0 = Release|Any CPU
		{CB1B6E2B-1D44-4F7F-9A9A-8BFC532570A5}.Debug|Any CPU.ActiveCfg = Debug|Any CPU
		{CB1B6E2B-1D44-4F7F-9A9A-8BFC532570A5}.Debug|Any CPU.Build.0 = Debug|Any CPU
		{CB1B6E2B-1D44-4F7F-9A9A-8BFC532570A5}.Release|Any CPU.ActiveCfg = Release|Any CPU
		{CB1B6E2B-1D44-4F7F-9A9A-8BFC532570A5}.Release|Any CPU.Build.0 = Release|Any CPU
		{AD4791AA-773D-4AE1-B638-B5ABDBC10C67}.Debug|Any CPU.ActiveCfg = Debug|Any CPU
		{AD4791AA-773D-4AE1-B638-B5ABDBC10C67}.Debug|Any CPU.Build.0 = Debug|Any CPU
		{AD4791AA-773D-4AE1-B638-B5ABDBC10C67}.Release|Any CPU.ActiveCfg = Release|Any CPU
		{AD4791AA-773D-4AE1-B638-B5ABDBC10C67}.Release|Any CPU.Build.0 = Release|Any CPU
		{403DA1E8-AFB6-4080-9861-2AE59CFB9E71}.Debug|Any CPU.ActiveCfg = Debug|Any CPU
		{403DA1E8-AFB6-4080-9861-2AE59CFB9E71}.Debug|Any CPU.Build.0 = Debug|Any CPU
		{403DA1E8-AFB6-4080-9861-2AE59CFB9E71}.Release|Any CPU.ActiveCfg = Release|Any CPU
		{403DA1E8-AFB6-4080-9861-2AE59CFB9E71}.Release|Any CPU.Build.0 = Release|Any CPU
	EndGlobalSection
	GlobalSection(SolutionProperties) = preSolution
		HideSolutionNode = FALSE
	EndGlobalSection
	GlobalSection(NestedProjects) = preSolution
		{F22A027B-C2CA-4430-907B-AA13B047E65C} = {02EA681E-C7D8-13C7-8484-4AC65E1B71E8}
		{9D6A6A0D-B276-4546-8C73-A466BEBF8332} = {02EA681E-C7D8-13C7-8484-4AC65E1B71E8}
		{727B0940-140F-45F9-A078-FE69452035A8} = {02EA681E-C7D8-13C7-8484-4AC65E1B71E8}
		{B9D3A523-40AE-4653-8680-8A294325AB47} = {17C9468F-6F8D-4BC2-BA9B-6297CE8E6C1C}
		{46BEA19D-3421-4300-B44F-BC02DEDC697C} = {17C9468F-6F8D-4BC2-BA9B-6297CE8E6C1C}
		{9529AA69-CB04-4F33-9A0D-28353C91E048} = {17C9468F-6F8D-4BC2-BA9B-6297CE8E6C1C}
		{CB1B6E2B-1D44-4F7F-9A9A-8BFC532570A5} = {1DCA1192-57A3-4AAF-BD2D-99AB3A839C8C}
		{AD4791AA-773D-4AE1-B638-B5ABDBC10C67} = {1DCA1192-57A3-4AAF-BD2D-99AB3A839C8C}
		{403DA1E8-AFB6-4080-9861-2AE59CFB9E71} = {1DCA1192-57A3-4AAF-BD2D-99AB3A839C8C}
	EndGlobalSection
	GlobalSection(ExtensibilityGlobals) = postSolution
		SolutionGuid = {41556014-3F04-42EB-A4CB-67D3DB6EE8BB}
	EndGlobalSection
EndGlobal
